# THIS IS AN AUTOGENERATED FILE. DO NOT EDIT THIS FILE DIRECTLY.
# yarn lockfile v1


"@autexis/balluff-rfid@0.0.1":
  version "0.0.1"
  resolved "https://registry.yarnpkg.com/@autexis/balluff-rfid/-/balluff-rfid-0.0.1.tgz#14ee046e4250db35463545c9c1982da2dcc1e323"
  integrity sha512-tsrT+2/VLShwB5bShsCMC7xMXP5ca91f9nW78TK9g5Mcol89ddzo4L/lM7wZaPgEi57fLbVXaoruOnMcgMYBoA==
